// !$*UTF8*$!
{
	archiveVersion = 1;
	classes = {
	};
	objectVersion = 46;
	objects = {

/* Begin PBXBuildFile section */
		F515EB8F1CA980D50038810A /* main.m in Sources */ = {isa = PBXBuildFile; fileRef = F515EB8E1CA980D50038810A /* main.m */; };
		F515EB921CA980D50038810A /* AppDelegate.m in Sources */ = {isa = PBXBuildFile; fileRef = F515EB911CA980D50038810A /* AppDelegate.m */; };
		F515EB951CA980D50038810A /* ViewController.m in Sources */ = {isa = PBXBuildFile; fileRef = F515EB941CA980D50038810A /* ViewController.m */; };
		F515EB981CA980D50038810A /* Main.storyboard in Resources */ = {isa = PBXBuildFile; fileRef = F515EB961CA980D50038810A /* Main.storyboard */; };
		F515EB9A1CA980D50038810A /* Assets.xcassets in Resources */ = {isa = PBXBuildFile; fileRef = F515EB991CA980D50038810A /* Assets.xcassets */; };
		F515EB9D1CA980D50038810A /* LaunchScreen.storyboard in Resources */ = {isa = PBXBuildFile; fileRef = F515EB9B1CA980D50038810A /* LaunchScreen.storyboard */; };
		F515EBA81CA980D60038810A /* LrdAlertTests.m in Sources */ = {isa = PBXBuildFile; fileRef = F515EBA71CA980D60038810A /* LrdAlertTests.m */; };
		F515EBB31CA980D60038810A /* LrdAlertUITests.m in Sources */ = {isa = PBXBuildFile; fileRef = F515EBB21CA980D60038810A /* LrdAlertUITests.m */; };
		F515EBED1CA980E50038810A /* close_icon@2x.png in Resources */ = {isa = PBXBuildFile; fileRef = F515EBC11CA980E50038810A /* close_icon@2x.png */; };
		F515EBEE1CA980E50038810A /* LrdAlertTableView.m in Sources */ = {isa = PBXBuildFile; fileRef = F515EBC31CA980E50038810A /* LrdAlertTableView.m */; };
		F515EBEF1CA980E50038810A /* LrdDateModel.m in Sources */ = {isa = PBXBuildFile; fileRef = F515EBC51CA980E50038810A /* LrdDateModel.m */; };
		F515EBF01CA980E50038810A /* LrdTableViewCell.m in Sources */ = {isa = PBXBuildFile; fileRef = F515EBC71CA980E50038810A /* LrdTableViewCell.m */; };
		F515EBF11CA980E50038810A /* CameraAlertView.m in Sources */ = {isa = PBXBuildFile; fileRef = F515EBCA1CA980E50038810A /* CameraAlertView.m */; };
		F515EBF21CA980E50038810A /* close_icon@2x.png in Resources */ = {isa = PBXBuildFile; fileRef = F515EBCC1CA980E50038810A /* close_icon@2x.png */; };
		F515EBF31CA980E50038810A /* LrdPasswordAlertView.m in Sources */ = {isa = PBXBuildFile; fileRef = F515EBCE1CA980E50038810A /* LrdPasswordAlertView.m */; };
		F515EBF41CA980E50038810A /* WTReParser.m in Sources */ = {isa = PBXBuildFile; fileRef = F515EBD01CA980E50038810A /* WTReParser.m */; };
		F515EBF51CA980E50038810A /* WTReTextField.m in Sources */ = {isa = PBXBuildFile; fileRef = F515EBD21CA980E50038810A /* WTReTextField.m */; };
		F515EBF61CA980E50038810A /* MASCompositeConstraint.m in Sources */ = {isa = PBXBuildFile; fileRef = F515EBD51CA980E50038810A /* MASCompositeConstraint.m */; };
		F515EBF71CA980E50038810A /* MASConstraint.m in Sources */ = {isa = PBXBuildFile; fileRef = F515EBD81CA980E50038810A /* MASConstraint.m */; };
		F515EBF81CA980E50038810A /* MASConstraintMaker.m in Sources */ = {isa = PBXBuildFile; fileRef = F515EBDA1CA980E50038810A /* MASConstraintMaker.m */; };
		F515EBF91CA980E50038810A /* MASLayoutConstraint.m in Sources */ = {isa = PBXBuildFile; fileRef = F515EBDC1CA980E50038810A /* MASLayoutConstraint.m */; };
		F515EBFA1CA980E50038810A /* MASViewAttribute.m in Sources */ = {isa = PBXBuildFile; fileRef = F515EBE01CA980E50038810A /* MASViewAttribute.m */; };
		F515EBFB1CA980E50038810A /* MASViewConstraint.m in Sources */ = {isa = PBXBuildFile; fileRef = F515EBE21CA980E50038810A /* MASViewConstraint.m */; };
		F515EBFC1CA980E50038810A /* NSArray+MASAdditions.m in Sources */ = {isa = PBXBuildFile; fileRef = F515EBE41CA980E50038810A /* NSArray+MASAdditions.m */; };
		F515EBFD1CA980E50038810A /* NSLayoutConstraint+MASDebugAdditions.m in Sources */ = {isa = PBXBuildFile; fileRef = F515EBE71CA980E50038810A /* NSLayoutConstraint+MASDebugAdditions.m */; };
		F515EBFE1CA980E50038810A /* View+MASAdditions.m in Sources */ = {isa = PBXBuildFile; fileRef = F515EBE91CA980E50038810A /* View+MASAdditions.m */; };
		F515EBFF1CA980E50038810A /* ViewController+MASAdditions.m in Sources */ = {isa = PBXBuildFile; fileRef = F515EBEC1CA980E50038810A /* ViewController+MASAdditions.m */; };
/* End PBXBuildFile section */

/* Begin PBXContainerItemProxy section */
		F515EBA41CA980D60038810A /* PBXContainerItemProxy */ = {
			isa = PBXContainerItemProxy;
			containerPortal = F515EB821CA980D50038810A /* Project object */;
			proxyType = 1;
			remoteGlobalIDString = F515EB891CA980D50038810A;
			remoteInfo = LrdAlert;
		};
		F515EBAF1CA980D60038810A /* PBXContainerItemProxy */ = {
			isa = PBXContainerItemProxy;
			containerPortal = F515EB821CA980D50038810A /* Project object */;
			proxyType = 1;
			remoteGlobalIDString = F515EB891CA980D50038810A;
			remoteInfo = LrdAlert;
		};
/* End PBXContainerItemProxy section */

/* Begin PBXFileReference section */
		F515EB8A1CA980D50038810A /* LrdAlert.app */ = {isa = PBXFileReference; explicitFileType = wrapper.application; includeInIndex = 0; path = LrdAlert.app; sourceTree = BUILT_PRODUCTS_DIR; };
		F515EB8E1CA980D50038810A /* main.m */ = {isa = PBXFileReference; lastKnownFileType = sourcecode.c.objc; path = main.m; sourceTree = "<group>"; };
		F515EB901CA980D50038810A /* AppDelegate.h */ = {isa = PBXFileReference; lastKnownFileType = sourcecode.c.h; path = AppDelegate.h; sourceTree = "<group>"; };
		F515EB911CA980D50038810A /* AppDelegate.m */ = {isa = PBXFileReference; lastKnownFileType = sourcecode.c.objc; path = AppDelegate.m; sourceTree = "<group>"; };
		F515EB931CA980D50038810A /* ViewController.h */ = {isa = PBXFileReference; lastKnownFileType = sourcecode.c.h; path = ViewController.h; sourceTree = "<group>"; };
		F515EB941CA980D50038810A /* ViewController.m */ = {isa = PBXFileReference; lastKnownFileType = sourcecode.c.objc; path = ViewController.m; sourceTree = "<group>"; };
		F515EB971CA980D50038810A /* Base */ = {isa = PBXFileReference; lastKnownFileType = file.storyboard; name = Base; path = Base.lproj/Main.storyboard; sourceTree = "<group>"; };
		F515EB991CA980D50038810A /* Assets.xcassets */ = {isa = PBXFileReference; lastKnownFileType = folder.assetcatalog; path = Assets.xcassets; sourceTree = "<group>"; };
		F515EB9C1CA980D50038810A /* Base */ = {isa = PBXFileReference; lastKnownFileType = file.storyboard; name = Base; path = Base.lproj/LaunchScreen.storyboard; sourceTree = "<group>"; };
		F515EB9E1CA980D50038810A /* Info.plist */ = {isa = PBXFileReference; lastKnownFileType = text.plist.xml; path = Info.plist; sourceTree = "<group>"; };
		F515EBA31CA980D60038810A /* LrdAlertTests.xctest */ = {isa = PBXFileReference; explicitFileType = wrapper.cfbundle; includeInIndex = 0; path = LrdAlertTests.xctest; sourceTree = BUILT_PRODUCTS_DIR; };
		F515EBA71CA980D60038810A /* LrdAlertTests.m */ = {isa = PBXFileReference; lastKnownFileType = sourcecode.c.objc; path = LrdAlertTests.m; sourceTree = "<group>"; };
		F515EBA91CA980D60038810A /* Info.plist */ = {isa = PBXFileReference; lastKnownFileType = text.plist.xml; path = Info.plist; sourceTree = "<group>"; };
		F515EBAE1CA980D60038810A /* LrdAlertUITests.xctest */ = {isa = PBXFileReference; explicitFileType = wrapper.cfbundle; includeInIndex = 0; path = LrdAlertUITests.xctest; sourceTree = BUILT_PRODUCTS_DIR; };
		F515EBB21CA980D60038810A /* LrdAlertUITests.m */ = {isa = PBXFileReference; lastKnownFileType = sourcecode.c.objc; path = LrdAlertUITests.m; sourceTree = "<group>"; };
		F515EBB41CA980D60038810A /* Info.plist */ = {isa = PBXFileReference; lastKnownFileType = text.plist.xml; path = Info.plist; sourceTree = "<group>"; };
		F515EBC11CA980E50038810A /* close_icon@2x.png */ = {isa = PBXFileReference; lastKnownFileType = image.png; path = "close_icon@2x.png"; sourceTree = "<group>"; };
		F515EBC21CA980E50038810A /* LrdAlertTableView.h */ = {isa = PBXFileReference; fileEncoding = 4; lastKnownFileType = sourcecode.c.h; path = LrdAlertTableView.h; sourceTree = "<group>"; };
		F515EBC31CA980E50038810A /* LrdAlertTableView.m */ = {isa = PBXFileReference; fileEncoding = 4; lastKnownFileType = sourcecode.c.objc; path = LrdAlertTableView.m; sourceTree = "<group>"; };
		F515EBC41CA980E50038810A /* LrdDateModel.h */ = {isa = PBXFileReference; fileEncoding = 4; lastKnownFileType = sourcecode.c.h; path = LrdDateModel.h; sourceTree = "<group>"; };
		F515EBC51CA980E50038810A /* LrdDateModel.m */ = {isa = PBXFileReference; fileEncoding = 4; lastKnownFileType = sourcecode.c.objc; path = LrdDateModel.m; sourceTree = "<group>"; };
		F515EBC61CA980E50038810A /* LrdTableViewCell.h */ = {isa = PBXFileReference; fileEncoding = 4; lastKnownFileType = sourcecode.c.h; path = LrdTableViewCell.h; sourceTree = "<group>"; };
		F515EBC71CA980E50038810A /* LrdTableViewCell.m */ = {isa = PBXFileReference; fileEncoding = 4; lastKnownFileType = sourcecode.c.objc; path = LrdTableViewCell.m; sourceTree = "<group>"; };
		F515EBC91CA980E50038810A /* CameraAlertView.h */ = {isa = PBXFileReference; fileEncoding = 4; lastKnownFileType = sourcecode.c.h; path = CameraAlertView.h; sourceTree = "<group>"; };
		F515EBCA1CA980E50038810A /* CameraAlertView.m */ = {isa = PBXFileReference; fileEncoding = 4; lastKnownFileType = sourcecode.c.objc; path = CameraAlertView.m; sourceTree = "<group>"; };
		F515EBCC1CA980E50038810A /* close_icon@2x.png */ = {isa = PBXFileReference; lastKnownFileType = image.png; path = "close_icon@2x.png"; sourceTree = "<group>"; };
		F515EBCD1CA980E50038810A /* LrdPasswordAlertView.h */ = {isa = PBXFileReference; fileEncoding = 4; lastKnownFileType = sourcecode.c.h; path = LrdPasswordAlertView.h; sourceTree = "<group>"; };
		F515EBCE1CA980E50038810A /* LrdPasswordAlertView.m */ = {isa = PBXFileReference; fileEncoding = 4; lastKnownFileType = sourcecode.c.objc; path = LrdPasswordAlertView.m; sourceTree = "<group>"; };
		F515EBCF1CA980E50038810A /* WTReParser.h */ = {isa = PBXFileReference; fileEncoding = 4; lastKnownFileType = sourcecode.c.h; path = WTReParser.h; sourceTree = "<group>"; };
		F515EBD01CA980E50038810A /* WTReParser.m */ = {isa = PBXFileReference; fileEncoding = 4; lastKnownFileType = sourcecode.c.objc; path = WTReParser.m; sourceTree = "<group>"; };
		F515EBD11CA980E50038810A /* WTReTextField.h */ = {isa = PBXFileReference; fileEncoding = 4; lastKnownFileType = sourcecode.c.h; path = WTReTextField.h; sourceTree = "<group>"; };
		F515EBD21CA980E50038810A /* WTReTextField.m */ = {isa = PBXFileReference; fileEncoding = 4; lastKnownFileType = sourcecode.c.objc; path = WTReTextField.m; sourceTree = "<group>"; };
		F515EBD41CA980E50038810A /* MASCompositeConstraint.h */ = {isa = PBXFileReference; fileEncoding = 4; lastKnownFileType = sourcecode.c.h; path = MASCompositeConstraint.h; sourceTree = "<group>"; };
		F515EBD51CA980E50038810A /* MASCompositeConstraint.m */ = {isa = PBXFileReference; fileEncoding = 4; lastKnownFileType = sourcecode.c.objc; path = MASCompositeConstraint.m; sourceTree = "<group>"; };
		F515EBD61CA980E50038810A /* MASConstraint+Private.h */ = {isa = PBXFileReference; fileEncoding = 4; lastKnownFileType = sourcecode.c.h; path = "MASConstraint+Private.h"; sourceTree = "<group>"; };
		F515EBD71CA980E50038810A /* MASConstraint.h */ = {isa = PBXFileReference; fileEncoding = 4; lastKnownFileType = sourcecode.c.h; path = MASConstraint.h; sourceTree = "<group>"; };
		F515EBD81CA980E50038810A /* MASConstraint.m */ = {isa = PBXFileReference; fileEncoding = 4; lastKnownFileType = sourcecode.c.objc; path = MASConstraint.m; sourceTree = "<group>"; };
		F515EBD91CA980E50038810A /* MASConstraintMaker.h */ = {isa = PBXFileReference; fileEncoding = 4; lastKnownFileType = sourcecode.c.h; path = MASConstraintMaker.h; sourceTree = "<group>"; };
		F515EBDA1CA980E50038810A /* MASConstraintMaker.m */ = {isa = PBXFileReference; fileEncoding = 4; lastKnownFileType = sourcecode.c.objc; path = MASConstraintMaker.m; sourceTree = "<group>"; };
		F515EBDB1CA980E50038810A /* MASLayoutConstraint.h */ = {isa = PBXFileReference; fileEncoding = 4; lastKnownFileType = sourcecode.c.h; path = MASLayoutConstraint.h; sourceTree = "<group>"; };
		F515EBDC1CA980E50038810A /* MASLayoutConstraint.m */ = {isa = PBXFileReference; fileEncoding = 4; lastKnownFileType = sourcecode.c.objc; path = MASLayoutConstraint.m; sourceTree = "<group>"; };
		F515EBDD1CA980E50038810A /* Masonry.h */ = {isa = PBXFileReference; fileEncoding = 4; lastKnownFileType = sourcecode.c.h; path = Masonry.h; sourceTree = "<group>"; };
		F515EBDE1CA980E50038810A /* MASUtilities.h */ = {isa = PBXFileReference; fileEncoding = 4; lastKnownFileType = sourcecode.c.h; path = MASUtilities.h; sourceTree = "<group>"; };
		F515EBDF1CA980E50038810A /* MASViewAttribute.h */ = {isa = PBXFileReference; fileEncoding = 4; lastKnownFileType = sourcecode.c.h; path = MASViewAttribute.h; sourceTree = "<group>"; };
		F515EBE01CA980E50038810A /* MASViewAttribute.m */ = {isa = PBXFileReference; fileEncoding = 4; lastKnownFileType = sourcecode.c.objc; path = MASViewAttribute.m; sourceTree = "<group>"; };
		F515EBE11CA980E50038810A /* MASViewConstraint.h */ = {isa = PBXFileReference; fileEncoding = 4; lastKnownFileType = sourcecode.c.h; path = MASViewConstraint.h; sourceTree = "<group>"; };
		F515EBE21CA980E50038810A /* MASViewConstraint.m */ = {isa = PBXFileReference; fileEncoding = 4; lastKnownFileType = sourcecode.c.objc; path = MASViewConstraint.m; sourceTree = "<group>"; };
		F515EBE31CA980E50038810A /* NSArray+MASAdditions.h */ = {isa = PBXFileReference; fileEncoding = 4; lastKnownFileType = sourcecode.c.h; path = "NSArray+MASAdditions.h"; sourceTree = "<group>"; };
		F515EBE41CA980E50038810A /* NSArray+MASAdditions.m */ = {isa = PBXFileReference; fileEncoding = 4; lastKnownFileType = sourcecode.c.objc; path = "NSArray+MASAdditions.m"; sourceTree = "<group>"; };
		F515EBE51CA980E50038810A /* NSArray+MASShorthandAdditions.h */ = {isa = PBXFileReference; fileEncoding = 4; lastKnownFileType = sourcecode.c.h; path = "NSArray+MASShorthandAdditions.h"; sourceTree = "<group>"; };
		F515EBE61CA980E50038810A /* NSLayoutConstraint+MASDebugAdditions.h */ = {isa = PBXFileReference; fileEncoding = 4; lastKnownFileType = sourcecode.c.h; path = "NSLayoutConstraint+MASDebugAdditions.h"; sourceTree = "<group>"; };
		F515EBE71CA980E50038810A /* NSLayoutConstraint+MASDebugAdditions.m */ = {isa = PBXFileReference; fileEncoding = 4; lastKnownFileType = sourcecode.c.objc; path = "NSLayoutConstraint+MASDebugAdditions.m"; sourceTree = "<group>"; };
		F515EBE81CA980E50038810A /* View+MASAdditions.h */ = {isa = PBXFileReference; fileEncoding = 4; lastKnownFileType = sourcecode.c.h; path = "View+MASAdditions.h"; sourceTree = "<group>"; };
		F515EBE91CA980E50038810A /* View+MASAdditions.m */ = {isa = PBXFileReference; fileEncoding = 4; lastKnownFileType = sourcecode.c.objc; path = "View+MASAdditions.m"; sourceTree = "<group>"; };
		F515EBEA1CA980E50038810A /* View+MASShorthandAdditions.h */ = {isa = PBXFileReference; fileEncoding = 4; lastKnownFileType = sourcecode.c.h; path = "View+MASShorthandAdditions.h"; sourceTree = "<group>"; };
		F515EBEB1CA980E50038810A /* ViewController+MASAdditions.h */ = {isa = PBXFileReference; fileEncoding = 4; lastKnownFileType = sourcecode.c.h; path = "ViewController+MASAdditions.h"; sourceTree = "<group>"; };
		F515EBEC1CA980E50038810A /* ViewController+MASAdditions.m */ = {isa = PBXFileReference; fileEncoding = 4; lastKnownFileType = sourcecode.c.objc; path = "ViewController+MASAdditions.m"; sourceTree = "<group>"; };
/* End PBXFileReference section */

/* Begin PBXFrameworksBuildPhase section */
		F515EB871CA980D50038810A /* Frameworks */ = {
			isa = PBXFrameworksBuildPhase;
			buildActionMask = 2147483647;
			files = (
			);
			runOnlyForDeploymentPostprocessing = 0;
		};
		F515EBA01CA980D60038810A /* Frameworks */ = {
			isa = PBXFrameworksBuildPhase;
			buildActionMask = 2147483647;
			files = (
			);
			runOnlyForDeploymentPostprocessing = 0;
		};
		F515EBAB1CA980D60038810A /* Frameworks */ = {
			isa = PBXFrameworksBuildPhase;
			buildActionMask = 2147483647;
			files = (
			);
			runOnlyForDeploymentPostprocessing = 0;
		};
/* End PBXFrameworksBuildPhase section */

/* Begin PBXGroup section */
		F515EB811CA980D50038810A = {
			isa = PBXGroup;
			children = (
				F515EB8C1CA980D50038810A /* LrdAlert */,
				F515EBA61CA980D60038810A /* LrdAlertTests */,
				F515EBB11CA980D60038810A /* LrdAlertUITests */,
				F515EB8B1CA980D50038810A /* Products */,
			);
			sourceTree = "<group>";
		};
		F515EB8B1CA980D50038810A /* Products */ = {
			isa = PBXGroup;
			children = (
				F515EB8A1CA980D50038810A /* LrdAlert.app */,
				F515EBA31CA980D60038810A /* LrdAlertTests.xctest */,
				F515EBAE1CA980D60038810A /* LrdAlertUITests.xctest */,
			);
			name = Products;
			sourceTree = "<group>";
		};
		F515EB8C1CA980D50038810A /* LrdAlert */ = {
			isa = PBXGroup;
			children = (
				F515EBC01CA980E50038810A /* LrdAlertView */,
				F515EBC81CA980E50038810A /* LrdCameraAlertView */,
				F515EBCB1CA980E50038810A /* LrdPasswordAlertView */,
				F515EBD31CA980E50038810A /* Masonry */,
				F515EB901CA980D50038810A /* AppDelegate.h */,
				F515EB911CA980D50038810A /* AppDelegate.m */,
				F515EB931CA980D50038810A /* ViewController.h */,
				F515EB941CA980D50038810A /* ViewController.m */,
				F515EB961CA980D50038810A /* Main.storyboard */,
				F515EB991CA980D50038810A /* Assets.xcassets */,
				F515EB9B1CA980D50038810A /* LaunchScreen.storyboard */,
				F515EB9E1CA980D50038810A /* Info.plist */,
				F515EB8D1CA980D50038810A /* Supporting Files */,
			);
			path = LrdAlert;
			sourceTree = "<group>";
		};
		F515EB8D1CA980D50038810A /* Supporting Files */ = {
			isa = PBXGroup;
			children = (
				F515EB8E1CA980D50038810A /* main.m */,
			);
			name = "Supporting Files";
			sourceTree = "<group>";
		};
		F515EBA61CA980D60038810A /* LrdAlertTests */ = {
			isa = PBXGroup;
			children = (
				F515EBA71CA980D60038810A /* LrdAlertTests.m */,
				F515EBA91CA980D60038810A /* Info.plist */,
			);
			path = LrdAlertTests;
			sourceTree = "<group>";
		};
		F515EBB11CA980D60038810A /* LrdAlertUITests */ = {
			isa = PBXGroup;
			children = (
				F515EBB21CA980D60038810A /* LrdAlertUITests.m */,
				F515EBB41CA980D60038810A /* Info.plist */,
			);
			path = LrdAlertUITests;
			sourceTree = "<group>";
		};
		F515EBC01CA980E50038810A /* LrdAlertView */ = {
			isa = PBXGroup;
			children = (
				F515EBC11CA980E50038810A /* close_icon@2x.png */,
				F515EBC21CA980E50038810A /* LrdAlertTableView.h */,
				F515EBC31CA980E50038810A /* LrdAlertTableView.m */,
				F515EBC41CA980E50038810A /* LrdDateModel.h */,
				F515EBC51CA980E50038810A /* LrdDateModel.m */,
				F515EBC61CA980E50038810A /* LrdTableViewCell.h */,
				F515EBC71CA980E50038810A /* LrdTableViewCell.m */,
			);
			path = LrdAlertView;
			sourceTree = "<group>";
		};
		F515EBC81CA980E50038810A /* LrdCameraAlertView */ = {
			isa = PBXGroup;
			children = (
				F515EBC91CA980E50038810A /* CameraAlertView.h */,
				F515EBCA1CA980E50038810A /* CameraAlertView.m */,
			);
			path = LrdCameraAlertView;
			sourceTree = "<group>";
		};
		F515EBCB1CA980E50038810A /* LrdPasswordAlertView */ = {
			isa = PBXGroup;
			children = (
				F515EBCC1CA980E50038810A /* close_icon@2x.png */,
				F515EBCD1CA980E50038810A /* LrdPasswordAlertView.h */,
				F515EBCE1CA980E50038810A /* LrdPasswordAlertView.m */,
				F515EBCF1CA980E50038810A /* WTReParser.h */,
				F515EBD01CA980E50038810A /* WTReParser.m */,
				F515EBD11CA980E50038810A /* WTReTextField.h */,
				F515EBD21CA980E50038810A /* WTReTextField.m */,
			);
			path = LrdPasswordAlertView;
			sourceTree = "<group>";
		};
		F515EBD31CA980E50038810A /* Masonry */ = {
			isa = PBXGroup;
			children = (
				F515EBD41CA980E50038810A /* MASCompositeConstraint.h */,
				F515EBD51CA980E50038810A /* MASCompositeConstraint.m */,
				F515EBD61CA980E50038810A /* MASConstraint+Private.h */,
				F515EBD71CA980E50038810A /* MASConstraint.h */,
				F515EBD81CA980E50038810A /* MASConstraint.m */,
				F515EBD91CA980E50038810A /* MASConstraintMaker.h */,
				F515EBDA1CA980E50038810A /* MASConstraintMaker.m */,
				F515EBDB1CA980E50038810A /* MASLayoutConstraint.h */,
				F515EBDC1CA980E50038810A /* MASLayoutConstraint.m */,
				F515EBDD1CA980E50038810A /* Masonry.h */,
				F515EBDE1CA980E50038810A /* MASUtilities.h */,
				F515EBDF1CA980E50038810A /* MASViewAttribute.h */,
				F515EBE01CA980E50038810A /* MASViewAttribute.m */,
				F515EBE11CA980E50038810A /* MASViewConstraint.h */,
				F515EBE21CA980E50038810A /* MASViewConstraint.m */,
				F515EBE31CA980E50038810A /* NSArray+MASAdditions.h */,
				F515EBE41CA980E50038810A /* NSArray+MASAdditions.m */,
				F515EBE51CA980E50038810A /* NSArray+MASShorthandAdditions.h */,
				F515EBE61CA980E50038810A /* NSLayoutConstraint+MASDebugAdditions.h */,
				F515EBE71CA980E50038810A /* NSLayoutConstraint+MASDebugAdditions.m */,
				F515EBE81CA980E50038810A /* View+MASAdditions.h */,
				F515EBE91CA980E50038810A /* View+MASAdditions.m */,
				F515EBEA1CA980E50038810A /* View+MASShorthandAdditions.h */,
				F515EBEB1CA980E50038810A /* ViewController+MASAdditions.h */,
				F515EBEC1CA980E50038810A /* ViewController+MASAdditions.m */,
			);
			path = Masonry;
			sourceTree = "<group>";
		};
/* End PBXGroup section */

/* Begin PBXNativeTarget section */
		F515EB891CA980D50038810A /* LrdAlert */ = {
			isa = PBXNativeTarget;
			buildConfigurationList = F515EBB71CA980D60038810A /* Build configuration list for PBXNativeTarget "LrdAlert" */;
			buildPhases = (
				F515EB861CA980D50038810A /* Sources */,
				F515EB871CA980D50038810A /* Frameworks */,
				F515EB881CA980D50038810A /* Resources */,
			);
			buildRules = (
			);
			dependencies = (
			);
			name = LrdAlert;
			productName = LrdAlert;
			productReference = F515EB8A1CA980D50038810A /* LrdAlert.app */;
			productType = "com.apple.product-type.application";
		};
		F515EBA21CA980D60038810A /* LrdAlertTests */ = {
			isa = PBXNativeTarget;
			buildConfigurationList = F515EBBA1CA980D60038810A /* Build configuration list for PBXNativeTarget "LrdAlertTests" */;
			buildPhases = (
				F515EB9F1CA980D60038810A /* Sources */,
				F515EBA01CA980D60038810A /* Frameworks */,
				F515EBA11CA980D60038810A /* Resources */,
			);
			buildRules = (
			);
			dependencies = (
				F515EBA51CA980D60038810A /* PBXTargetDependency */,
			);
			name = LrdAlertTests;
			productName = LrdAlertTests;
			productReference = F515EBA31CA980D60038810A /* LrdAlertTests.xctest */;
			productType = "com.apple.product-type.bundle.unit-test";
		};
		F515EBAD1CA980D60038810A /* LrdAlertUITests */ = {
			isa = PBXNativeTarget;
			buildConfigurationList = F515EBBD1CA980D60038810A /* Build configuration list for PBXNativeTarget "LrdAlertUITests" */;
			buildPhases = (
				F515EBAA1CA980D60038810A /* Sources */,
				F515EBAB1CA980D60038810A /* Frameworks */,
				F515EBAC1CA980D60038810A /* Resources */,
			);
			buildRules = (
			);
			dependencies = (
				F515EBB01CA980D60038810A /* PBXTargetDependency */,
			);
			name = LrdAlertUITests;
			productName = LrdAlertUITests;
			productReference = F515EBAE1CA980D60038810A /* LrdAlertUITests.xctest */;
			productType = "com.apple.product-type.bundle.ui-testing";
		};
/* End PBXNativeTarget section */

/* Begin PBXProject section */
		F515EB821CA980D50038810A /* Project object */ = {
			isa = PBXProject;
			attributes = {
				LastUpgradeCheck = 0720;
				ORGANIZATIONNAME = "键盘上的舞者";
				TargetAttributes = {
					F515EB891CA980D50038810A = {
						CreatedOnToolsVersion = 7.2.1;
					};
					F515EBA21CA980D60038810A = {
						CreatedOnToolsVersion = 7.2.1;
						TestTargetID = F515EB891CA980D50038810A;
					};
					F515EBAD1CA980D60038810A = {
						CreatedOnToolsVersion = 7.2.1;
						TestTargetID = F515EB891CA980D50038810A;
					};
				};
			};
			buildConfigurationList = F515EB851CA980D50038810A /* Build configuration list for PBXProject "LrdAlert" */;
			compatibilityVersion = "Xcode 3.2";
			developmentRegion = English;
			hasScannedForEncodings = 0;
			knownRegions = (
				en,
				Base,
			);
			mainGroup = F515EB811CA980D50038810A;
			productRefGroup = F515EB8B1CA980D50038810A /* Products */;
			projectDirPath = "";
			projectRoot = "";
			targets = (
				F515EB891CA980D50038810A /* LrdAlert */,
				F515EBA21CA980D60038810A /* LrdAlertTests */,
				F515EBAD1CA980D60038810A /* LrdAlertUITests */,
			);
		};
/* End PBXProject section */

/* Begin PBXResourcesBuildPhase section */
		F515EB881CA980D50038810A /* Resources */ = {
			isa = PBXResourcesBuildPhase;
			buildActionMask = 2147483647;
			files = (
				F515EBED1CA980E50038810A /* close_icon@2x.png in Resources */,
				F515EB9D1CA980D50038810A /* LaunchScreen.storyboard in Resources */,
				F515EBF21CA980E50038810A /* close_icon@2x.png in Resources */,
				F515EB9A1CA980D50038810A /* Assets.xcassets in Resources */,
				F515EB981CA980D50038810A /* Main.storyboard in Resources */,
			);
			runOnlyForDeploymentPostprocessing = 0;
		};
		F515EBA11CA980D60038810A /* Resources */ = {
			isa = PBXResourcesBuildPhase;
			buildActionMask = 2147483647;
			files = (
			);
			runOnlyForDeploymentPostprocessing = 0;
		};
		F515EBAC1CA980D60038810A /* Resources */ = {
			isa = PBXResourcesBuildPhase;
			buildActionMask = 2147483647;
			files = (
			);
			runOnlyForDeploymentPostprocessing = 0;
		};
/* End PBXResourcesBuildPhase section */

/* Begin PBXSourcesBuildPhase section */
		F515EB861CA980D50038810A /* Sources */ = {
			isa = PBXSourcesBuildPhase;
			buildActionMask = 2147483647;
			files = (
				F515EBFE1CA980E50038810A /* View+MASAdditions.m in Sources */,
				F515EBEF1CA980E50038810A /* LrdDateModel.m in Sources */,
				F515EBF31CA980E50038810A /* LrdPasswordAlertView.m in Sources */,
				F515EB951CA980D50038810A /* ViewController.m in Sources */,
				F515EBF11CA980E50038810A /* CameraAlertView.m in Sources */,
				F515EB921CA980D50038810A /* AppDelegate.m in Sources */,
				F515EBFF1CA980E50038810A /* ViewController+MASAdditions.m in Sources */,
				F515EBFA1CA980E50038810A /* MASViewAttribute.m in Sources */,
				F515EBF61CA980E50038810A /* MASCompositeConstraint.m in Sources */,
				F515EBF41CA980E50038810A /* WTReParser.m in Sources */,
				F515EB8F1CA980D50038810A /* main.m in Sources */,
				F515EBF81CA980E50038810A /* MASConstraintMaker.m in Sources */,
				F515EBF71CA980E50038810A /* MASConstraint.m in Sources */,
				F515EBFD1CA980E50038810A /* NSLayoutConstraint+MASDebugAdditions.m in Sources */,
				F515EBF91CA980E50038810A /* MASLayoutConstraint.m in Sources */,
				F515EBFC1CA980E50038810A /* NSArray+MASAdditions.m in Sources */,
				F515EBF01CA980E50038810A /* LrdTableViewCell.m in Sources */,
				F515EBEE1CA980E50038810A /* LrdAlertTableView.m in Sources */,
				F515EBF51CA980E50038810A /* WTReTextField.m in Sources */,
				F515EBFB1CA980E50038810A /* MASViewConstraint.m in Sources */,
			);
			runOnlyForDeploymentPostprocessing = 0;
		};
		F515EB9F1CA980D60038810A /* Sources */ = {
			isa = PBXSourcesBuildPhase;
			buildActionMask = 2147483647;
			files = (
				F515EBA81CA980D60038810A /* LrdAlertTests.m in Sources */,
			);
			runOnlyForDeploymentPostprocessing = 0;
		};
		F515EBAA1CA980D60038810A /* Sources */ = {
			isa = PBXSourcesBuildPhase;
			buildActionMask = 2147483647;
			files = (
				F515EBB31CA980D60038810A /* LrdAlertUITests.m in Sources */,
			);
			runOnlyForDeploymentPostprocessing = 0;
		};
/* End PBXSourcesBuildPhase section */

/* Begin PBXTargetDependency section */
		F515EBA51CA980D60038810A /* PBXTargetDependency */ = {
			isa = PBXTargetDependency;
			target = F515EB891CA980D50038810A /* LrdAlert */;
			targetProxy = F515EBA41CA980D60038810A /* PBXContainerItemProxy */;
		};
		F515EBB01CA980D60038810A /* PBXTargetDependency */ = {
			isa = PBXTargetDependency;
			target = F515EB891CA980D50038810A /* LrdAlert */;
			targetProxy = F515EBAF1CA980D60038810A /* PBXContainerItemProxy */;
		};
/* End PBXTargetDependency section */

/* Begin PBXVariantGroup section */
		F515EB961CA980D50038810A /* Main.storyboard */ = {
			isa = PBXVariantGroup;
			children = (
				F515EB971CA980D50038810A /* Base */,
			);
			name = Main.storyboard;
			sourceTree = "<group>";
		};
		F515EB9B1CA980D50038810A /* LaunchScreen.storyboard */ = {
			isa = PBXVariantGroup;
			children = (
				F515EB9C1CA980D50038810A /* Base */,
			);
			name = LaunchScreen.storyboard;
			sourceTree = "<group>";
		};
/* End PBXVariantGroup section */

/* Begin XCBuildConfiguration section */
		F515EBB51CA980D60038810A /* Debug */ = {
			isa = XCBuildConfiguration;
			buildSettings = {
				ALWAYS_SEARCH_USER_PATHS = NO;
				CLANG_CXX_LANGUAGE_STANDARD = "gnu++0x";
				CLANG_CXX_LIBRARY = "libc++";
				CLANG_ENABLE_MODULES = YES;
				CLANG_ENABLE_OBJC_ARC = YES;
				CLANG_WARN_BOOL_CONVERSION = YES;
				CLANG_WARN_CONSTANT_CONVERSION = YES;
				CLANG_WARN_DIRECT_OBJC_ISA_USAGE = YES_ERROR;
				CLANG_WARN_EMPTY_BODY = YES;
				CLANG_WARN_ENUM_CONVERSION = YES;
				CLANG_WARN_INT_CONVERSION = YES;
				CLANG_WARN_OBJC_ROOT_CLASS = YES_ERROR;
				CLANG_WARN_UNREACHABLE_CODE = YES;
				CLANG_WARN__DUPLICATE_METHOD_MATCH = YES;
				"CODE_SIGN_IDENTITY[sdk=iphoneos*]" = "iPhone Developer";
				COPY_PHASE_STRIP = NO;
				DEBUG_INFORMATION_FORMAT = dwarf;
				ENABLE_STRICT_OBJC_MSGSEND = YES;
				ENABLE_TESTABILITY = YES;
				GCC_C_LANGUAGE_STANDARD = gnu99;
				GCC_DYNAMIC_NO_PIC = NO;
				GCC_NO_COMMON_BLOCKS = YES;
				GCC_OPTIMIZATION_LEVEL = 0;
				GCC_PREPROCESSOR_DEFINITIONS = (
					"DEBUG=1",
					"$(inherited)",
				);
				GCC_WARN_64_TO_32_BIT_CONVERSION = YES;
				GCC_WARN_ABOUT_RETURN_TYPE = YES_ERROR;
				GCC_WARN_UNDECLARED_SELECTOR = YES;
				GCC_WARN_UNINITIALIZED_AUTOS = YES_AGGRESSIVE;
				GCC_WARN_UNUSED_FUNCTION = YES;
				GCC_WARN_UNUSED_VARIABLE = YES;
				IPHONEOS_DEPLOYMENT_TARGET = 9.2;
				MTL_ENABLE_DEBUG_INFO = YES;
				ONLY_ACTIVE_ARCH = YES;
				SDKROOT = iphoneos;
				TARGETED_DEVICE_FAMILY = "1,2";
			};
			name = Debug;
		};
		F515EBB61CA980D60038810A /* Release */ = {
			isa = XCBuildConfiguration;
			buildSettings = {
				ALWAYS_SEARCH_USER_PATHS = NO;
				CLANG_CXX_LANGUAGE_STANDARD = "gnu++0x";
				CLANG_CXX_LIBRARY = "libc++";
				CLANG_ENABLE_MODULES = YES;
				CLANG_ENABLE_OBJC_ARC = YES;
				CLANG_WARN_BOOL_CONVERSION = YES;
				CLANG_WARN_CONSTANT_CONVERSION = YES;
				CLANG_WARN_DIRECT_OBJC_ISA_USAGE = YES_ERROR;
				CLANG_WARN_EMPTY_BODY = YES;
				CLANG_WARN_ENUM_CONVERSION = YES;
				CLANG_WARN_INT_CONVERSION = YES;
				CLANG_WARN_OBJC_ROOT_CLASS = YES_ERROR;
				CLANG_WARN_UNREACHABLE_CODE = YES;
				CLANG_WARN__DUPLICATE_METHOD_MATCH = YES;
				"CODE_SIGN_IDENTITY[sdk=iphoneos*]" = "iPhone Developer";
				COPY_PHASE_STRIP = NO;
				DEBUG_INFORMATION_FORMAT = "dwarf-with-dsym";
				ENABLE_NS_ASSERTIONS = NO;
				ENABLE_STRICT_OBJC_MSGSEND = YES;
				GCC_C_LANGUAGE_STANDARD = gnu99;
				GCC_NO_COMMON_BLOCKS = YES;
				GCC_WARN_64_TO_32_BIT_CONVERSION = YES;
				GCC_WARN_ABOUT_RETURN_TYPE = YES_ERROR;
				GCC_WARN_UNDECLARED_SELECTOR = YES;
				GCC_WARN_UNINITIALIZED_AUTOS = YES_AGGRESSIVE;
				GCC_WARN_UNUSED_FUNCTION = YES;
				GCC_WARN_UNUSED_VARIABLE = YES;
				IPHONEOS_DEPLOYMENT_TARGET = 9.2;
				MTL_ENABLE_DEBUG_INFO = NO;
				SDKROOT = iphoneos;
				TARGETED_DEVICE_FAMILY = "1,2";
				VALIDATE_PRODUCT = YES;
			};
			name = Release;
		};
		F515EBB81CA980D60038810A /* Debug */ = {
			isa = XCBuildConfiguration;
			buildSettings = {
				ASSETCATALOG_COMPILER_APPICON_NAME = AppIcon;
				INFOPLIST_FILE = LrdAlert/Info.plist;
				LD_RUNPATH_SEARCH_PATHS = "$(inherited) @executable_path/Frameworks";
				PRODUCT_BUNDLE_IDENTIFIER = com.lrd.LrdAlert;
				PRODUCT_NAME = "$(TARGET_NAME)";
			};
			name = Debug;
		};
		F515EBB91CA980D60038810A /* Release */ = {
			isa = XCBuildConfiguration;
			buildSettings = {
				ASSETCATALOG_COMPILER_APPICON_NAME = AppIcon;
				INFOPLIST_FILE = LrdAlert/Info.plist;
				LD_RUNPATH_SEARCH_PATHS = "$(inherited) @executable_path/Frameworks";
				PRODUCT_BUNDLE_IDENTIFIER = com.lrd.LrdAlert;
				PRODUCT_NAME = "$(TARGET_NAME)";
			};
			name = Release;
		};
		F515EBBB1CA980D60038810A /* Debug */ = {
			isa = XCBuildConfiguration;
			buildSettings = {
				BUNDLE_LOADER = "$(TEST_HOST)";
				INFOPLIST_FILE = LrdAlertTests/Info.plist;
				LD_RUNPATH_SEARCH_PATHS = "$(inherited) @executable_path/Frameworks @loader_path/Frameworks";
				PRODUCT_BUNDLE_IDENTIFIER = com.lrd.LrdAlertTests;
				PRODUCT_NAME = "$(TARGET_NAME)";
				TEST_HOST = "$(BUILT_PRODUCTS_DIR)/LrdAlert.app/LrdAlert";
			};
			name = Debug;
		};
		F515EBBC1CA980D60038810A /* Release */ = {
			isa = XCBuildConfiguration;
			buildSettings = {
				BUNDLE_LOADER = "$(TEST_HOST)";
				INFOPLIST_FILE = LrdAlertTests/Info.plist;
				LD_RUNPATH_SEARCH_PATHS = "$(inherited) @executable_path/Frameworks @loader_path/Frameworks";
				PRODUCT_BUNDLE_IDENTIFIER = com.lrd.LrdAlertTests;
				PRODUCT_NAME = "$(TARGET_NAME)";
				TEST_HOST = "$(BUILT_PRODUCTS_DIR)/LrdAlert.app/LrdAlert";
			};
			name = Release;
		};
		F515EBBE1CA980D60038810A /* Debug */ = {
			isa = XCBuildConfiguration;
			buildSettings = {
				INFOPLIST_FILE = LrdAlertUITests/Info.plist;
				LD_RUNPATH_SEARCH_PATHS = "$(inherited) @executable_path/Frameworks @loader_path/Frameworks";
				PRODUCT_BUNDLE_IDENTIFIER = com.lrd.LrdAlertUITests;
				PRODUCT_NAME = "$(TARGET_NAME)";
				TEST_TARGET_NAME = LrdAlert;
				USES_XCTRUNNER = YES;
			};
			name = Debug;
		};
		F515EBBF1CA980D60038810A /* Release */ = {
			isa = XCBuildConfiguration;
			buildSettings = {
				INFOPLIST_FILE = LrdAlertUITests/Info.plist;
				LD_RUNPATH_SEARCH_PATHS = "$(inherited) @executable_path/Frameworks @loader_path/Frameworks";
				PRODUCT_BUNDLE_IDENTIFIER = com.lrd.LrdAlertUITests;
				PRODUCT_NAME = "$(TARGET_NAME)";
				TEST_TARGET_NAME = LrdAlert;
				USES_XCTRUNNER = YES;
			};
			name = Release;
		};
/* End XCBuildConfiguration section */

/* Begin XCConfigurationList section */
		F515EB851CA980D50038810A /* Build configuration list for PBXProject "LrdAlert" */ = {
			isa = XCConfigurationList;
			buildConfigurations = (
				F515EBB51CA980D60038810A /* Debug */,
				F515EBB61CA980D60038810A /* Release */,
			);
			defaultConfigurationIsVisible = 0;
			defaultConfigurationName = Release;
		};
		F515EBB71CA980D60038810A /* Build configuration list for PBXNativeTarget "LrdAlert" */ = {
			isa = XCConfigurationList;
			buildConfigurations = (
				F515EBB81CA980D60038810A /* Debug */,
				F515EBB91CA980D60038810A /* Release */,
			);
			defaultConfigurationIsVisible = 0;
		};
		F515EBBA1CA980D60038810A /* Build configuration list for PBXNativeTarget "LrdAlertTests" */ = {
			isa = XCConfigurationList;
			buildConfigurations = (
				F515EBBB1CA980D60038810A /* Debug */,
				F515EBBC1CA980D60038810A /* Release */,
			);
			defaultConfigurationIsVisible = 0;
		};
		F515EBBD1CA980D60038810A /* Build configuration list for PBXNativeTarget "LrdAlertUITests" */ = {
			isa = XCConfigurationList;
			buildConfigurations = (
				F515EBBE1CA980D60038810A /* Debug */,
				F515EBBF1CA980D60038810A /* Release */,
			);
			defaultConfigurationIsVisible = 0;
		};
/* End XCConfigurationList section */
	};
	rootObject = F515EB821CA980D50038810A /* Project object */;
}
